
Microsoft Visual Studio Solution File, Format Version 12.00
# Visual Studio Version 17
VisualStudioVersion = 17.2.32516.85
MinimumVisualStudioVersion = 10.0.40219.1
Project("{FAE04EC0-301F-11D3-BF4B-00C04F79EFBC}") = "SeedEmail", "SeedEmail\SeedEmail.csproj", "{449271D1-3BF4-4C0E-958A-6E64F40F3E9C}"
EndProject
Global
	GlobalSection(SolutionConfigurationPlatforms) = preSolution
		Debug|Any CPU = Debug|Any CPU
		Release|Any CPU = Release|Any CPU
	EndGlobalSection
	GlobalSection(ProjectConfigurationPlatforms) = postSolution
		{449271D1-3BF4-4C0E-958A-6E64F40F3E9C}.Debug|Any CPU.ActiveCfg = Debug|Any CPU
		{449271D1-3BF4-4C0E-958A-6E64F40F3E9C}.Debug|Any CPU.Build.0 = Debug|Any CPU
		{449271D1-3BF4-4C0E-958A-6E64F40F3E9C}.Release|Any CPU.ActiveCfg = Release|Any CPU
		{449271D1-3BF4-4C0E-958A-6E64F40F3E9C}.Release|Any CPU.Build.0 = Release|Any CPU
	EndGlobalSection
	GlobalSection(SolutionProperties) = preSolution
		HideSolutionNode = FALSE
	EndGlobalSection
	GlobalSection(ExtensibilityGlobals) = postSolution
		SolutionGuid = {F654E6E9-0AEC-4258-80BD-E9B62B2586BE}
	EndGlobalSection
EndGlobal
